
Microsoft Visual Studio Solution File, Format Version 12.00
# Visual Studio 2012
Project("{FAE04EC0-301F-11D3-BF4B-00C04F79EFBC}") = "ClearSolve", "ClearSolve\ClearSolve.csproj", "{3CFF52EF-A322-464D-9C9D-741165179078}"
EndProject
Project("{FAE04EC0-301F-11D3-BF4B-00C04F79EFBC}") = "ClearSolve.ConsoleApp", "ClearSolve.ConsoleApp\ClearSolve.ConsoleApp.csproj", "{E0DEA9D5-92F3-4403-AB9E-446609D9C1F8}"
EndProject
Project("{FAE04EC0-301F-11D3-BF4B-00C04F79EFBC}") = "LinqSolve.Repl", "LinqSolve\LinqSolve.Repl\LinqSolve.Repl.csproj", "{DC9886A8-9415-48B8-BE86-102E10D0A370}"
EndProject
Global
	GlobalSection(SolutionConfigurationPlatforms) = preSolution
		Debug|Any CPU = Debug|Any CPU
		Release|Any CPU = Release|Any CPU
	EndGlobalSection
	GlobalSection(ProjectConfigurationPlatforms) = postSolution
		{3CFF52EF-A322-464D-9C9D-741165179078}.Debug|Any CPU.ActiveCfg = Debug|Any CPU
		{3CFF52EF-A322-464D-9C9D-741165179078}.Debug|Any CPU.Build.0 = Debug|Any CPU
		{3CFF52EF-A322-464D-9C9D-741165179078}.Release|Any CPU.ActiveCfg = Release|Any CPU
		{3CFF52EF-A322-464D-9C9D-741165179078}.Release|Any CPU.Build.0 = Release|Any CPU
		{E0DEA9D5-92F3-4403-AB9E-446609D9C1F8}.Debug|Any CPU.ActiveCfg = Debug|Any CPU
		{E0DEA9D5-92F3-4403-AB9E-446609D9C1F8}.Debug|Any CPU.Build.0 = Debug|Any CPU
		{E0DEA9D5-92F3-4403-AB9E-446609D9C1F8}.Release|Any CPU.ActiveCfg = Release|Any CPU
		{E0DEA9D5-92F3-4403-AB9E-446609D9C1F8}.Release|Any CPU.Build.0 = Release|Any CPU
		{DC9886A8-9415-48B8-BE86-102E10D0A370}.Debug|Any CPU.ActiveCfg = Debug|Any CPU
		{DC9886A8-9415-48B8-BE86-102E10D0A370}.Debug|Any CPU.Build.0 = Debug|Any CPU
		{DC9886A8-9415-48B8-BE86-102E10D0A370}.Release|Any CPU.ActiveCfg = Release|Any CPU
		{DC9886A8-9415-48B8-BE86-102E10D0A370}.Release|Any CPU.Build.0 = Release|Any CPU
	EndGlobalSection
	GlobalSection(SolutionProperties) = preSolution
		HideSolutionNode = FALSE
	EndGlobalSection
EndGlobal
